
Microsoft Visual Studio Solution File, Format Version 9.00
# Visual C++ Express 2005
Project("{8BC9CEB8-8B4A-11D0-8D11-00A0C91BC942}") = "wvlt", "wvlt.vcproj", "{2A16F04A-6736-41D4-A704-CD359FE7495B}"
EndProject
Global
	GlobalSection(SolutionConfigurationPlatforms) = preSolution
		Debug|Win32 = Debug|Win32
		Release|Win32 = Release|Win32
	EndGlobalSection
	GlobalSection(ProjectConfigurationPlatforms) = postSolution
		{2A16F04A-6736-41D4-A704-CD359FE7495B}.Debug|Win32.ActiveCfg = Debug|Win32
		{2A16F04A-6736-41D4-A704-CD359FE7495B}.Debug|Win32.Build.0 = Debug|Win32
		{2A16F04A-6736-41D4-A704-CD359FE7495B}.Release|Win32.ActiveCfg = Release|Win32
		{2A16F04A-6736-41D4-A704-CD359FE7495B}.Release|Win32.Build.0 = Release|Win32
	EndGlobalSection
	GlobalSection(SolutionProperties) = preSolution
		HideSolutionNode = FALSE
	EndGlobalSection
EndGlobal
