<?xml version="1.0" encoding="utf-8"?>
<Project ToolsVersion="4.0" xmlns="http://schemas.microsoft.com/developer/msbuild/2003">
  <ItemGroup>
    <Filter Include="Source Files">
      <UniqueIdentifier>{94c6f740-87c5-11e1-b0c4-0800200c9a66}</UniqueIdentifier>
      <Extensions>cpp;c;cxx;rc;def;r;odl;idl;hpj;bat</Extensions>
    </Filter>
    <Filter Include="Header Files">
      <UniqueIdentifier>{9ade4941-4e72-4387-8415-b4139840bb1d}</UniqueIdentifier>
      <Extensions>h;hpp;hxx;hm;inl</Extensions>
    </Filter>
  </ItemGroup>
  <ItemGroup>
    <ClCompile Include="ModuleManager.cpp">
      <Filter>Source Files</Filter>
    </ClCompile>
    <ClCompile Include="RgbToIhs.cpp">
      <Filter>Source Files</Filter>
    </ClCompile>
    <ClCompile Include="ColorSpaceConversionShell.cpp">
      <Filter>Source Files</Filter>
    </ClCompile>
    <ClCompile Include="HlsToRgb.cpp">
      <Filter>Source Files</Filter>
    </ClCompile>
    <ClCompile Include="HsvToRgb.cpp">
      <Filter>Source Files</Filter>
    </ClCompile>
    <ClCompile Include="IhsToRgb.cpp">
      <Filter>Source Files</Filter>
    </ClCompile>
    <ClCompile Include="RgbToHls.cpp">
      <Filter>Source Files</Filter>
    </ClCompile>
    <ClCompile Include="RgbToHsv.cpp">
      <Filter>Source Files</Filter>
    </ClCompile>
  </ItemGroup>
  <ItemGroup>
    <ClInclude Include="ColorSpaceConversionShell.h">
      <Filter>Header Files</Filter>
    </ClInclude>
    <ClInclude Include="HlsToRgb.h">
      <Filter>Header Files</Filter>
    </ClInclude>
    <ClInclude Include="HsvToRgb.h">
      <Filter>Header Files</Filter>
    </ClInclude>
    <ClInclude Include="IhsToRgb.h">
      <Filter>Header Files</Filter>
    </ClInclude>
    <ClInclude Include="RgbToHls.h">
      <Filter>Header Files</Filter>
    </ClInclude>
    <ClInclude Include="RgbToHsv.h">
      <Filter>Header Files</Filter>
    </ClInclude>
    <ClInclude Include="RgbToIhs.h">
      <Filter>Header Files</Filter>
    </ClInclude>
  </ItemGroup>
</Project>