
Microsoft Visual Studio Solution File, Format Version 11.00
# Visual Studio 2010
Project("{8BC9CEB8-8B4A-11D0-8D11-00A0C91BC942}") = "TrackingMgr", "TrackingMgr.vcxproj", "{766A5DE0-1BE4-11DF-8A39-0800200C9A66}"
EndProject
Project("{8BC9CEB8-8B4A-11D0-8D11-00A0C91BC942}") = "Tracking", "Tracking\Tracking.vcxproj", "{0E4F3050-1A54-11DF-8A39-0800200C9A66}"
EndProject
Global
	GlobalSection(SolutionConfigurationPlatforms) = preSolution
		Debug|Win32 = Debug|Win32
		Debug|x64 = Debug|x64
		Release|Win32 = Release|Win32
		Release|x64 = Release|x64
	EndGlobalSection
	GlobalSection(ProjectConfigurationPlatforms) = postSolution
		{766A5DE0-1BE4-11DF-8A39-0800200C9A66}.Debug|Win32.ActiveCfg = Debug|Win32
		{766A5DE0-1BE4-11DF-8A39-0800200C9A66}.Debug|x64.ActiveCfg = Debug|x64
		{766A5DE0-1BE4-11DF-8A39-0800200C9A66}.Release|Win32.ActiveCfg = Release|Win32
		{766A5DE0-1BE4-11DF-8A39-0800200C9A66}.Release|x64.ActiveCfg = Release|x64
		{0E4F3050-1A54-11DF-8A39-0800200C9A66}.Debug|Win32.ActiveCfg = Debug|Win32
		{0E4F3050-1A54-11DF-8A39-0800200C9A66}.Debug|Win32.Build.0 = Debug|Win32
		{0E4F3050-1A54-11DF-8A39-0800200C9A66}.Debug|x64.ActiveCfg = Debug|x64
		{0E4F3050-1A54-11DF-8A39-0800200C9A66}.Debug|x64.Build.0 = Debug|x64
		{0E4F3050-1A54-11DF-8A39-0800200C9A66}.Release|Win32.ActiveCfg = Release|Win32
		{0E4F3050-1A54-11DF-8A39-0800200C9A66}.Release|Win32.Build.0 = Release|Win32
		{0E4F3050-1A54-11DF-8A39-0800200C9A66}.Release|x64.ActiveCfg = Release|x64
		{0E4F3050-1A54-11DF-8A39-0800200C9A66}.Release|x64.Build.0 = Release|x64
	EndGlobalSection
	GlobalSection(SolutionProperties) = preSolution
		HideSolutionNode = FALSE
	EndGlobalSection
EndGlobal
