
Microsoft Visual Studio Solution File, Format Version 9.00
# Visual C++ Express 2005
Project("{8BC9CEB8-8B4A-11D0-8D11-00A0C91BC942}") = "Fits", "Fits.vcproj", "{464E3C7A-473B-47B4-99C9-3421983998D2}"
EndProject
Global
	GlobalSection(SolutionConfigurationPlatforms) = preSolution
		Debug|Win32 = Debug|Win32
		Release|Win32 = Release|Win32
	EndGlobalSection
	GlobalSection(ProjectConfigurationPlatforms) = postSolution
		{464E3C7A-473B-47B4-99C9-3421983998D2}.Debug|Win32.ActiveCfg = Debug|Win32
		{464E3C7A-473B-47B4-99C9-3421983998D2}.Debug|Win32.Build.0 = Debug|Win32
		{464E3C7A-473B-47B4-99C9-3421983998D2}.Release|Win32.ActiveCfg = Release|Win32
		{464E3C7A-473B-47B4-99C9-3421983998D2}.Release|Win32.Build.0 = Release|Win32
	EndGlobalSection
	GlobalSection(SolutionProperties) = preSolution
		HideSolutionNode = FALSE
	EndGlobalSection
EndGlobal
